// !$*UTF8*$!
{
	archiveVersion = 1;
	classes = {
	};
	objectVersion = 55;
	objects = {

/* Begin PBXBuildFile section */
		B8373947293402AE006C0529 /* HomeViewController.swift in Sources */ = {isa = PBXBuildFile; fileRef = B8373946293402AE006C0529 /* HomeViewController.swift */; };
		B837394929340467006C0529 /* URLConfig.swift in Sources */ = {isa = PBXBuildFile; fileRef = B837394829340467006C0529 /* URLConfig.swift */; };
		B837394B29340E75006C0529 /* ocean-2.jpeg in Resources */ = {isa = PBXBuildFile; fileRef = B837394A29340E75006C0529 /* ocean-2.jpeg */; };
		B837394D29340ECB006C0529 /* ocean.jpeg in Resources */ = {isa = PBXBuildFile; fileRef = B837394C29340ECB006C0529 /* ocean.jpeg */; };
		B837394F29341A74006C0529 /* ExampleTableViewPresenter.swift in Sources */ = {isa = PBXBuildFile; fileRef = B837394E29341A74006C0529 /* ExampleTableViewPresenter.swift */; };
		B837395129341B89006C0529 /* FlowModel.swift in Sources */ = {isa = PBXBuildFile; fileRef = B837395029341B89006C0529 /* FlowModel.swift */; };
		B83739532934FC8F006C0529 /* CustomSchemeHandler.swift in Sources */ = {isa = PBXBuildFile; fileRef = B83739522934FC8F006C0529 /* CustomSchemeHandler.swift */; };
		B8541F17291FD3E700D26D7A /* AppDelegate.swift in Sources */ = {isa = PBXBuildFile; fileRef = B8541F16291FD3E700D26D7A /* AppDelegate.swift */; };
		B8541F19291FD3E700D26D7A /* SceneDelegate.swift in Sources */ = {isa = PBXBuildFile; fileRef = B8541F18291FD3E700D26D7A /* SceneDelegate.swift */; };
		B8541F1B291FD3E700D26D7A /* WebViewViewController.swift in Sources */ = {isa = PBXBuildFile; fileRef = B8541F1A291FD3E700D26D7A /* WebViewViewController.swift */; };
		B8541F20291FD3EA00D26D7A /* Assets.xcassets in Resources */ = {isa = PBXBuildFile; fileRef = B8541F1F291FD3EA00D26D7A /* Assets.xcassets */; };
		B8541F23291FD3EA00D26D7A /* LaunchScreen.storyboard in Resources */ = {isa = PBXBuildFile; fileRef = B8541F21291FD3EA00D26D7A /* LaunchScreen.storyboard */; };
		B8541F2B291FF85C00D26D7A /* CacheCleaner.swift in Sources */ = {isa = PBXBuildFile; fileRef = B8541F2A291FF85C00D26D7A /* CacheCleaner.swift */; };
		B87F4CA82923CD850005418E /* WebViewPreloader.swift in Sources */ = {isa = PBXBuildFile; fileRef = B87F4CA72923CD850005418E /* WebViewPreloader.swift */; };
		B87F4CAA2923CDC10005418E /* ExampleTableViewController.swift in Sources */ = {isa = PBXBuildFile; fileRef = B87F4CA92923CDC10005418E /* ExampleTableViewController.swift */; };
		B87F4CB729242B8D0005418E /* segma-bold.otf in Resources */ = {isa = PBXBuildFile; fileRef = B87F4CB329242AFC0005418E /* segma-bold.otf */; };
		B87F4CB829242B8F0005418E /* segma-medium.otf in Resources */ = {isa = PBXBuildFile; fileRef = B87F4CB529242AFC0005418E /* segma-medium.otf */; };
		B87F4CB929242B920005418E /* segma-regular.otf in Resources */ = {isa = PBXBuildFile; fileRef = B87F4CB229242AFC0005418E /* segma-regular.otf */; };
		B87F4CBA29242B930005418E /* segma-semibold.otf in Resources */ = {isa = PBXBuildFile; fileRef = B87F4CB129242AFC0005418E /* segma-semibold.otf */; };
/* End PBXBuildFile section */

/* Begin PBXFileReference section */
		B8373946293402AE006C0529 /* HomeViewController.swift */ = {isa = PBXFileReference; lastKnownFileType = sourcecode.swift; path = HomeViewController.swift; sourceTree = "<group>"; };
		B837394829340467006C0529 /* URLConfig.swift */ = {isa = PBXFileReference; lastKnownFileType = sourcecode.swift; path = URLConfig.swift; sourceTree = "<group>"; };
		B837394A29340E75006C0529 /* ocean-2.jpeg */ = {isa = PBXFileReference; lastKnownFileType = image.jpeg; path = "ocean-2.jpeg"; sourceTree = "<group>"; };
		B837394C29340ECB006C0529 /* ocean.jpeg */ = {isa = PBXFileReference; lastKnownFileType = image.jpeg; path = ocean.jpeg; sourceTree = "<group>"; };
		B837394E29341A74006C0529 /* ExampleTableViewPresenter.swift */ = {isa = PBXFileReference; lastKnownFileType = sourcecode.swift; path = ExampleTableViewPresenter.swift; sourceTree = "<group>"; };
		B837395029341B89006C0529 /* FlowModel.swift */ = {isa = PBXFileReference; lastKnownFileType = sourcecode.swift; path = FlowModel.swift; sourceTree = "<group>"; };
		B83739522934FC8F006C0529 /* CustomSchemeHandler.swift */ = {isa = PBXFileReference; lastKnownFileType = sourcecode.swift; path = CustomSchemeHandler.swift; sourceTree = "<group>"; };
		B8541F13291FD3E700D26D7A /* WKWebViewPreloadStrategies.app */ = {isa = PBXFileReference; explicitFileType = wrapper.application; includeInIndex = 0; path = WKWebViewPreloadStrategies.app; sourceTree = BUILT_PRODUCTS_DIR; };
		B8541F16291FD3E700D26D7A /* AppDelegate.swift */ = {isa = PBXFileReference; lastKnownFileType = sourcecode.swift; path = AppDelegate.swift; sourceTree = "<group>"; };
		B8541F18291FD3E700D26D7A /* SceneDelegate.swift */ = {isa = PBXFileReference; lastKnownFileType = sourcecode.swift; path = SceneDelegate.swift; sourceTree = "<group>"; };
		B8541F1A291FD3E700D26D7A /* WebViewViewController.swift */ = {isa = PBXFileReference; lastKnownFileType = sourcecode.swift; path = WebViewViewController.swift; sourceTree = "<group>"; };
		B8541F1F291FD3EA00D26D7A /* Assets.xcassets */ = {isa = PBXFileReference; lastKnownFileType = folder.assetcatalog; path = Assets.xcassets; sourceTree = "<group>"; };
		B8541F22291FD3EA00D26D7A /* Base */ = {isa = PBXFileReference; lastKnownFileType = file.storyboard; name = Base; path = Base.lproj/LaunchScreen.storyboard; sourceTree = "<group>"; };
		B8541F24291FD3EA00D26D7A /* Info.plist */ = {isa = PBXFileReference; lastKnownFileType = text.plist.xml; path = Info.plist; sourceTree = "<group>"; };
		B8541F2A291FF85C00D26D7A /* CacheCleaner.swift */ = {isa = PBXFileReference; lastKnownFileType = sourcecode.swift; path = CacheCleaner.swift; sourceTree = "<group>"; };
		B87F4CA72923CD850005418E /* WebViewPreloader.swift */ = {isa = PBXFileReference; lastKnownFileType = sourcecode.swift; path = WebViewPreloader.swift; sourceTree = "<group>"; };
		B87F4CA92923CDC10005418E /* ExampleTableViewController.swift */ = {isa = PBXFileReference; lastKnownFileType = sourcecode.swift; path = ExampleTableViewController.swift; sourceTree = "<group>"; };
		B87F4CB129242AFC0005418E /* segma-semibold.otf */ = {isa = PBXFileReference; lastKnownFileType = file; path = "segma-semibold.otf"; sourceTree = "<group>"; };
		B87F4CB229242AFC0005418E /* segma-regular.otf */ = {isa = PBXFileReference; lastKnownFileType = file; path = "segma-regular.otf"; sourceTree = "<group>"; };
		B87F4CB329242AFC0005418E /* segma-bold.otf */ = {isa = PBXFileReference; lastKnownFileType = file; path = "segma-bold.otf"; sourceTree = "<group>"; };
		B87F4CB529242AFC0005418E /* segma-medium.otf */ = {isa = PBXFileReference; lastKnownFileType = file; path = "segma-medium.otf"; sourceTree = "<group>"; };
/* End PBXFileReference section */

/* Begin PBXFrameworksBuildPhase section */
		B8541F10291FD3E700D26D7A /* Frameworks */ = {
			isa = PBXFrameworksBuildPhase;
			buildActionMask = 2147483647;
			files = (
			);
			runOnlyForDeploymentPostprocessing = 0;
		};
/* End PBXFrameworksBuildPhase section */

/* Begin PBXGroup section */
		B8541F0A291FD3E700D26D7A = {
			isa = PBXGroup;
			children = (
				B8541F15291FD3E700D26D7A /* WKWebViewPreloadStrategies */,
				B8541F14291FD3E700D26D7A /* Products */,
			);
			sourceTree = "<group>";
		};
		B8541F14291FD3E700D26D7A /* Products */ = {
			isa = PBXGroup;
			children = (
				B8541F13291FD3E700D26D7A /* WKWebViewPreloadStrategies.app */,
			);
			name = Products;
			sourceTree = "<group>";
		};
		B8541F15291FD3E700D26D7A /* WKWebViewPreloadStrategies */ = {
			isa = PBXGroup;
			children = (
				B87F4CB029242ADD0005418E /* Assets */,
				B87F4CAB2923D06A0005418E /* ExampleFlowLauncher */,
				B8541F16291FD3E700D26D7A /* AppDelegate.swift */,
				B8541F18291FD3E700D26D7A /* SceneDelegate.swift */,
				B83739522934FC8F006C0529 /* CustomSchemeHandler.swift */,
				B8373946293402AE006C0529 /* HomeViewController.swift */,
				B8541F1A291FD3E700D26D7A /* WebViewViewController.swift */,
				B8541F1F291FD3EA00D26D7A /* Assets.xcassets */,
				B8541F21291FD3EA00D26D7A /* LaunchScreen.storyboard */,
				B8541F24291FD3EA00D26D7A /* Info.plist */,
				B8541F2A291FF85C00D26D7A /* CacheCleaner.swift */,
				B87F4CA72923CD850005418E /* WebViewPreloader.swift */,
			);
			path = WKWebViewPreloadStrategies;
			sourceTree = "<group>";
		};
		B87F4CAB2923D06A0005418E /* ExampleFlowLauncher */ = {
			isa = PBXGroup;
			children = (
				B837394829340467006C0529 /* URLConfig.swift */,
				B87F4CA92923CDC10005418E /* ExampleTableViewController.swift */,
				B837394E29341A74006C0529 /* ExampleTableViewPresenter.swift */,
				B837395029341B89006C0529 /* FlowModel.swift */,
			);
			path = ExampleFlowLauncher;
			sourceTree = "<group>";
		};
		B87F4CB029242ADD0005418E /* Assets */ = {
			isa = PBXGroup;
			children = (
				B837394C29340ECB006C0529 /* ocean.jpeg */,
				B837394A29340E75006C0529 /* ocean-2.jpeg */,
				B87F4CB329242AFC0005418E /* segma-bold.otf */,
				B87F4CB529242AFC0005418E /* segma-medium.otf */,
				B87F4CB229242AFC0005418E /* segma-regular.otf */,
				B87F4CB129242AFC0005418E /* segma-semibold.otf */,
			);
			path = Assets;
			sourceTree = "<group>";
		};
/* End PBXGroup section */

/* Begin PBXNativeTarget section */
		B8541F12291FD3E700D26D7A /* WKWebViewPreloadStrategies */ = {
			isa = PBXNativeTarget;
			buildConfigurationList = B8541F27291FD3EA00D26D7A /* Build configuration list for PBXNativeTarget "WKWebViewPreloadStrategies" */;
			buildPhases = (
				B8541F0F291FD3E700D26D7A /* Sources */,
				B8541F10291FD3E700D26D7A /* Frameworks */,
				B8541F11291FD3E700D26D7A /* Resources */,
			);
			buildRules = (
			);
			dependencies = (
			);
			name = WKWebViewPreloadStrategies;
			productName = WKWebViewPreloadStrategies;
			productReference = B8541F13291FD3E700D26D7A /* WKWebViewPreloadStrategies.app */;
			productType = "com.apple.product-type.application";
		};
/* End PBXNativeTarget section */

/* Begin PBXProject section */
		B8541F0B291FD3E700D26D7A /* Project object */ = {
			isa = PBXProject;
			attributes = {
				BuildIndependentTargetsInParallel = 1;
				LastSwiftUpdateCheck = 1330;
				LastUpgradeCheck = 1330;
				TargetAttributes = {
					B8541F12291FD3E700D26D7A = {
						CreatedOnToolsVersion = 13.3;
					};
				};
			};
			buildConfigurationList = B8541F0E291FD3E700D26D7A /* Build configuration list for PBXProject "WKWebViewPreloadStrategies" */;
			compatibilityVersion = "Xcode 13.0";
			developmentRegion = en;
			hasScannedForEncodings = 0;
			knownRegions = (
				en,
				Base,
			);
			mainGroup = B8541F0A291FD3E700D26D7A;
			productRefGroup = B8541F14291FD3E700D26D7A /* Products */;
			projectDirPath = "";
			projectRoot = "";
			targets = (
				B8541F12291FD3E700D26D7A /* WKWebViewPreloadStrategies */,
			);
		};
/* End PBXProject section */

/* Begin PBXResourcesBuildPhase section */
		B8541F11291FD3E700D26D7A /* Resources */ = {
			isa = PBXResourcesBuildPhase;
			buildActionMask = 2147483647;
			files = (
				B87F4CB729242B8D0005418E /* segma-bold.otf in Resources */,
				B87F4CB829242B8F0005418E /* segma-medium.otf in Resources */,
				B8541F23291FD3EA00D26D7A /* LaunchScreen.storyboard in Resources */,
				B87F4CB929242B920005418E /* segma-regular.otf in Resources */,
				B837394D29340ECB006C0529 /* ocean.jpeg in Resources */,
				B87F4CBA29242B930005418E /* segma-semibold.otf in Resources */,
				B837394B29340E75006C0529 /* ocean-2.jpeg in Resources */,
				B8541F20291FD3EA00D26D7A /* Assets.xcassets in Resources */,
			);
			runOnlyForDeploymentPostprocessing = 0;
		};
/* End PBXResourcesBuildPhase section */

/* Begin PBXSourcesBuildPhase section */
		B8541F0F291FD3E700D26D7A /* Sources */ = {
			isa = PBXSourcesBuildPhase;
			buildActionMask = 2147483647;
			files = (
				B83739532934FC8F006C0529 /* CustomSchemeHandler.swift in Sources */,
				B87F4CAA2923CDC10005418E /* ExampleTableViewController.swift in Sources */,
				B837394929340467006C0529 /* URLConfig.swift in Sources */,
				B8541F1B291FD3E700D26D7A /* WebViewViewController.swift in Sources */,
				B8541F17291FD3E700D26D7A /* AppDelegate.swift in Sources */,
				B837394F29341A74006C0529 /* ExampleTableViewPresenter.swift in Sources */,
				B8541F19291FD3E700D26D7A /* SceneDelegate.swift in Sources */,
				B837395129341B89006C0529 /* FlowModel.swift in Sources */,
				B8373947293402AE006C0529 /* HomeViewController.swift in Sources */,
				B87F4CA82923CD850005418E /* WebViewPreloader.swift in Sources */,
				B8541F2B291FF85C00D26D7A /* CacheCleaner.swift in Sources */,
			);
			runOnlyForDeploymentPostprocessing = 0;
		};
/* End PBXSourcesBuildPhase section */

/* Begin PBXVariantGroup section */
		B8541F21291FD3EA00D26D7A /* LaunchScreen.storyboard */ = {
			isa = PBXVariantGroup;
			children = (
				B8541F22291FD3EA00D26D7A /* Base */,
			);
			name = LaunchScreen.storyboard;
			sourceTree = "<group>";
		};
/* End PBXVariantGroup section */

/* Begin XCBuildConfiguration section */
		B8541F25291FD3EA00D26D7A /* Debug */ = {
			isa = XCBuildConfiguration;
			buildSettings = {
				ALWAYS_SEARCH_USER_PATHS = NO;
				CLANG_ANALYZER_NONNULL = YES;
				CLANG_ANALYZER_NUMBER_OBJECT_CONVERSION = YES_AGGRESSIVE;
				CLANG_CXX_LANGUAGE_STANDARD = "gnu++17";
				CLANG_ENABLE_MODULES = YES;
				CLANG_ENABLE_OBJC_ARC = YES;
				CLANG_ENABLE_OBJC_WEAK = YES;
				CLANG_WARN_BLOCK_CAPTURE_AUTORELEASING = YES;
				CLANG_WARN_BOOL_CONVERSION = YES;
				CLANG_WARN_COMMA = YES;
				CLANG_WARN_CONSTANT_CONVERSION = YES;
				CLANG_WARN_DEPRECATED_OBJC_IMPLEMENTATIONS = YES;
				CLANG_WARN_DIRECT_OBJC_ISA_USAGE = YES_ERROR;
				CLANG_WARN_DOCUMENTATION_COMMENTS = YES;
				CLANG_WARN_EMPTY_BODY = YES;
				CLANG_WARN_ENUM_CONVERSION = YES;
				CLANG_WARN_INFINITE_RECURSION = YES;
				CLANG_WARN_INT_CONVERSION = YES;
				CLANG_WARN_NON_LITERAL_NULL_CONVERSION = YES;
				CLANG_WARN_OBJC_IMPLICIT_RETAIN_SELF = YES;
				CLANG_WARN_OBJC_LITERAL_CONVERSION = YES;
				CLANG_WARN_OBJC_ROOT_CLASS = YES_ERROR;
				CLANG_WARN_QUOTED_INCLUDE_IN_FRAMEWORK_HEADER = YES;
				CLANG_WARN_RANGE_LOOP_ANALYSIS = YES;
				CLANG_WARN_STRICT_PROTOTYPES = YES;
				CLANG_WARN_SUSPICIOUS_MOVE = YES;
				CLANG_WARN_UNGUARDED_AVAILABILITY = YES_AGGRESSIVE;
				CLANG_WARN_UNREACHABLE_CODE = YES;
				CLANG_WARN__DUPLICATE_METHOD_MATCH = YES;
				COPY_PHASE_STRIP = NO;
				DEBUG_INFORMATION_FORMAT = dwarf;
				ENABLE_STRICT_OBJC_MSGSEND = YES;
				ENABLE_TESTABILITY = YES;
				GCC_C_LANGUAGE_STANDARD = gnu11;
				GCC_DYNAMIC_NO_PIC = NO;
				GCC_NO_COMMON_BLOCKS = YES;
				GCC_OPTIMIZATION_LEVEL = 0;
				GCC_PREPROCESSOR_DEFINITIONS = (
					"DEBUG=1",
					"$(inherited)",
				);
				GCC_WARN_64_TO_32_BIT_CONVERSION = YES;
				GCC_WARN_ABOUT_RETURN_TYPE = YES_ERROR;
				GCC_WARN_UNDECLARED_SELECTOR = YES;
				GCC_WARN_UNINITIALIZED_AUTOS = YES_AGGRESSIVE;
				GCC_WARN_UNUSED_FUNCTION = YES;
				GCC_WARN_UNUSED_VARIABLE = YES;
				IPHONEOS_DEPLOYMENT_TARGET = 14.0;
				MTL_ENABLE_DEBUG_INFO = INCLUDE_SOURCE;
				MTL_FAST_MATH = YES;
				ONLY_ACTIVE_ARCH = YES;
				SDKROOT = iphoneos;
				SWIFT_ACTIVE_COMPILATION_CONDITIONS = DEBUG;
				SWIFT_OPTIMIZATION_LEVEL = "-Onone";
			};
			name = Debug;
		};
		B8541F26291FD3EA00D26D7A /* Release */ = {
			isa = XCBuildConfiguration;
			buildSettings = {
				ALWAYS_SEARCH_USER_PATHS = NO;
				CLANG_ANALYZER_NONNULL = YES;
				CLANG_ANALYZER_NUMBER_OBJECT_CONVERSION = YES_AGGRESSIVE;
				CLANG_CXX_LANGUAGE_STANDARD = "gnu++17";
				CLANG_ENABLE_MODULES = YES;
				CLANG_ENABLE_OBJC_ARC = YES;
				CLANG_ENABLE_OBJC_WEAK = YES;
				CLANG_WARN_BLOCK_CAPTURE_AUTORELEASING = YES;
				CLANG_WARN_BOOL_CONVERSION = YES;
				CLANG_WARN_COMMA = YES;
				CLANG_WARN_CONSTANT_CONVERSION = YES;
				CLANG_WARN_DEPRECATED_OBJC_IMPLEMENTATIONS = YES;
				CLANG_WARN_DIRECT_OBJC_ISA_USAGE = YES_ERROR;
				CLANG_WARN_DOCUMENTATION_COMMENTS = YES;
				CLANG_WARN_EMPTY_BODY = YES;
				CLANG_WARN_ENUM_CONVERSION = YES;
				CLANG_WARN_INFINITE_RECURSION = YES;
				CLANG_WARN_INT_CONVERSION = YES;
				CLANG_WARN_NON_LITERAL_NULL_CONVERSION = YES;
				CLANG_WARN_OBJC_IMPLICIT_RETAIN_SELF = YES;
				CLANG_WARN_OBJC_LITERAL_CONVERSION = YES;
				CLANG_WARN_OBJC_ROOT_CLASS = YES_ERROR;
				CLANG_WARN_QUOTED_INCLUDE_IN_FRAMEWORK_HEADER = YES;
				CLANG_WARN_RANGE_LOOP_ANALYSIS = YES;
				CLANG_WARN_STRICT_PROTOTYPES = YES;
				CLANG_WARN_SUSPICIOUS_MOVE = YES;
				CLANG_WARN_UNGUARDED_AVAILABILITY = YES_AGGRESSIVE;
				CLANG_WARN_UNREACHABLE_CODE = YES;
				CLANG_WARN__DUPLICATE_METHOD_MATCH = YES;
				COPY_PHASE_STRIP = NO;
				DEBUG_INFORMATION_FORMAT = "dwarf-with-dsym";
				ENABLE_NS_ASSERTIONS = NO;
				ENABLE_STRICT_OBJC_MSGSEND = YES;
				GCC_C_LANGUAGE_STANDARD = gnu11;
				GCC_NO_COMMON_BLOCKS = YES;
				GCC_WARN_64_TO_32_BIT_CONVERSION = YES;
				GCC_WARN_ABOUT_RETURN_TYPE = YES_ERROR;
				GCC_WARN_UNDECLARED_SELECTOR = YES;
				GCC_WARN_UNINITIALIZED_AUTOS = YES_AGGRESSIVE;
				GCC_WARN_UNUSED_FUNCTION = YES;
				GCC_WARN_UNUSED_VARIABLE = YES;
				IPHONEOS_DEPLOYMENT_TARGET = 14.0;
				MTL_ENABLE_DEBUG_INFO = NO;
				MTL_FAST_MATH = YES;
				SDKROOT = iphoneos;
				SWIFT_COMPILATION_MODE = wholemodule;
				SWIFT_OPTIMIZATION_LEVEL = "-O";
				VALIDATE_PRODUCT = YES;
			};
			name = Release;
		};
		B8541F28291FD3EA00D26D7A /* Debug */ = {
			isa = XCBuildConfiguration;
			buildSettings = {
				ASSETCATALOG_COMPILER_APPICON_NAME = AppIcon;
				ASSETCATALOG_COMPILER_GLOBAL_ACCENT_COLOR_NAME = AccentColor;
				CODE_SIGN_STYLE = Automatic;
				CURRENT_PROJECT_VERSION = 1;
				DEVELOPMENT_TEAM = UF8837E8YG;
				GENERATE_INFOPLIST_FILE = YES;
				INFOPLIST_FILE = WKWebViewPreloadStrategies/Info.plist;
				INFOPLIST_KEY_UIApplicationSupportsIndirectInputEvents = YES;
				INFOPLIST_KEY_UILaunchStoryboardName = LaunchScreen;
				INFOPLIST_KEY_UISupportedInterfaceOrientations_iPad = "UIInterfaceOrientationPortrait UIInterfaceOrientationPortraitUpsideDown UIInterfaceOrientationLandscapeLeft UIInterfaceOrientationLandscapeRight";
				INFOPLIST_KEY_UISupportedInterfaceOrientations_iPhone = "UIInterfaceOrientationPortrait UIInterfaceOrientationLandscapeLeft UIInterfaceOrientationLandscapeRight";
				LD_RUNPATH_SEARCH_PATHS = (
					"$(inherited)",
					"@executable_path/Frameworks",
				);
				MARKETING_VERSION = 1.0;
				PRODUCT_BUNDLE_IDENTIFIER = com.jonurq.WebViewPreloadStrategies;
				PRODUCT_NAME = "$(TARGET_NAME)";
				SWIFT_EMIT_LOC_STRINGS = YES;
				SWIFT_VERSION = 5.0;
				TARGETED_DEVICE_FAMILY = "1,2";
			};
			name = Debug;
		};
		B8541F29291FD3EA00D26D7A /* Release */ = {
			isa = XCBuildConfiguration;
			buildSettings = {
				ASSETCATALOG_COMPILER_APPICON_NAME = AppIcon;
				ASSETCATALOG_COMPILER_GLOBAL_ACCENT_COLOR_NAME = AccentColor;
				CODE_SIGN_STYLE = Automatic;
				CURRENT_PROJECT_VERSION = 1;
				DEVELOPMENT_TEAM = UF8837E8YG;
				GENERATE_INFOPLIST_FILE = YES;
				INFOPLIST_FILE = WKWebViewPreloadStrategies/Info.plist;
				INFOPLIST_KEY_UIApplicationSupportsIndirectInputEvents = YES;
				INFOPLIST_KEY_UILaunchStoryboardName = LaunchScreen;
				INFOPLIST_KEY_UISupportedInterfaceOrientations_iPad = "UIInterfaceOrientationPortrait UIInterfaceOrientationPortraitUpsideDown UIInterfaceOrientationLandscapeLeft UIInterfaceOrientationLandscapeRight";
				INFOPLIST_KEY_UISupportedInterfaceOrientations_iPhone = "UIInterfaceOrientationPortrait UIInterfaceOrientationLandscapeLeft UIInterfaceOrientationLandscapeRight";
				LD_RUNPATH_SEARCH_PATHS = (
					"$(inherited)",
					"@executable_path/Frameworks",
				);
				MARKETING_VERSION = 1.0;
				PRODUCT_BUNDLE_IDENTIFIER = com.jonurq.WebViewPreloadStrategies;
				PRODUCT_NAME = "$(TARGET_NAME)";
				SWIFT_EMIT_LOC_STRINGS = YES;
				SWIFT_VERSION = 5.0;
				TARGETED_DEVICE_FAMILY = "1,2";
			};
			name = Release;
		};
/* End XCBuildConfiguration section */

/* Begin XCConfigurationList section */
		B8541F0E291FD3E700D26D7A /* Build configuration list for PBXProject "WKWebViewPreloadStrategies" */ = {
			isa = XCConfigurationList;
			buildConfigurations = (
				B8541F25291FD3EA00D26D7A /* Debug */,
				B8541F26291FD3EA00D26D7A /* Release */,
			);
			defaultConfigurationIsVisible = 0;
			defaultConfigurationName = Release;
		};
		B8541F27291FD3EA00D26D7A /* Build configuration list for PBXNativeTarget "WKWebViewPreloadStrategies" */ = {
			isa = XCConfigurationList;
			buildConfigurations = (
				B8541F28291FD3EA00D26D7A /* Debug */,
				B8541F29291FD3EA00D26D7A /* Release */,
			);
			defaultConfigurationIsVisible = 0;
			defaultConfigurationName = Release;
		};
/* End XCConfigurationList section */
	};
	rootObject = B8541F0B291FD3E700D26D7A /* Project object */;
}
